
Microsoft Visual Studio Solution File, Format Version 12.00
# Visual Studio Version 16
VisualStudioVersion = 16.0.33214.272
MinimumVisualStudioVersion = 10.0.40219.1
Project("{FAE04EC0-301F-11D3-BF4B-00C04F79EFBC}") = "WindowsFormsApp1", "WindowsFormsApp1\WindowsFormsApp1.csproj", "{072E063B-1A55-41C6-BAAB-1CEDD57FA426}"
EndProject
Project("{FAE04EC0-301F-11D3-BF4B-00C04F79EFBC}") = "TestProject1", "TestProject1\TestProject1.csproj", "{33B71791-F353-4848-97E5-5D82D046F499}"
EndProject
Global
	GlobalSection(SolutionConfigurationPlatforms) = preSolution
		Debug|Any CPU = Debug|Any CPU
		Release|Any CPU = Release|Any CPU
	EndGlobalSection
	GlobalSection(ProjectConfigurationPlatforms) = postSolution
		{072E063B-1A55-41C6-BAAB-1CEDD57FA426}.Debug|Any CPU.ActiveCfg = Debug|Any CPU
		{072E063B-1A55-41C6-BAAB-1CEDD57FA426}.Debug|Any CPU.Build.0 = Debug|Any CPU
		{072E063B-1A55-41C6-BAAB-1CEDD57FA426}.Release|Any CPU.ActiveCfg = Release|Any CPU
		{072E063B-1A55-41C6-BAAB-1CEDD57FA426}.Release|Any CPU.Build.0 = Release|Any CPU
		{33B71791-F353-4848-97E5-5D82D046F499}.Debug|Any CPU.ActiveCfg = Debug|Any CPU
		{33B71791-F353-4848-97E5-5D82D046F499}.Debug|Any CPU.Build.0 = Debug|Any CPU
		{33B71791-F353-4848-97E5-5D82D046F499}.Release|Any CPU.ActiveCfg = Release|Any CPU
		{33B71791-F353-4848-97E5-5D82D046F499}.Release|Any CPU.Build.0 = Release|Any CPU
	EndGlobalSection
	GlobalSection(SolutionProperties) = preSolution
		HideSolutionNode = FALSE
	EndGlobalSection
	GlobalSection(ExtensibilityGlobals) = postSolution
		SolutionGuid = {330923C1-2197-4CE6-A139-51AB9FF69387}
	EndGlobalSection
EndGlobal
