
Microsoft Visual Studio Solution File, Format Version 12.00
# Visual Studio Version 16
VisualStudioVersion = 16.0.33214.272
MinimumVisualStudioVersion = 10.0.40219.1
Project("{FAE04EC0-301F-11D3-BF4B-00C04F79EFBC}") = "СonferenceWeb", "СonferenceWeb\СonferenceWeb.csproj", "{A792E5CB-D52C-45C7-958C-C76253973AD3}"
EndProject
Project("{FAE04EC0-301F-11D3-BF4B-00C04F79EFBC}") = "UserApi", "UserApi\UserApi.csproj", "{A2FF0BE1-B6F2-49AF-9A11-587382DA40E6}"
EndProject
Global
	GlobalSection(SolutionConfigurationPlatforms) = preSolution
		Debug|Any CPU = Debug|Any CPU
		Release|Any CPU = Release|Any CPU
	EndGlobalSection
	GlobalSection(ProjectConfigurationPlatforms) = postSolution
		{A792E5CB-D52C-45C7-958C-C76253973AD3}.Debug|Any CPU.ActiveCfg = Debug|Any CPU
		{A792E5CB-D52C-45C7-958C-C76253973AD3}.Debug|Any CPU.Build.0 = Debug|Any CPU
		{A792E5CB-D52C-45C7-958C-C76253973AD3}.Release|Any CPU.ActiveCfg = Release|Any CPU
		{A792E5CB-D52C-45C7-958C-C76253973AD3}.Release|Any CPU.Build.0 = Release|Any CPU
		{A2FF0BE1-B6F2-49AF-9A11-587382DA40E6}.Debug|Any CPU.ActiveCfg = Debug|Any CPU
		{A2FF0BE1-B6F2-49AF-9A11-587382DA40E6}.Debug|Any CPU.Build.0 = Debug|Any CPU
		{A2FF0BE1-B6F2-49AF-9A11-587382DA40E6}.Release|Any CPU.ActiveCfg = Release|Any CPU
		{A2FF0BE1-B6F2-49AF-9A11-587382DA40E6}.Release|Any CPU.Build.0 = Release|Any CPU
	EndGlobalSection
	GlobalSection(SolutionProperties) = preSolution
		HideSolutionNode = FALSE
	EndGlobalSection
	GlobalSection(ExtensibilityGlobals) = postSolution
		SolutionGuid = {C06DF805-0273-44A6-B8EB-73A4E1A7978C}
	EndGlobalSection
EndGlobal
