
Microsoft Visual Studio Solution File, Format Version 12.00
# Visual Studio Version 16
VisualStudioVersion = 16.0.33214.272
MinimumVisualStudioVersion = 10.0.40219.1
Project("{FAE04EC0-301F-11D3-BF4B-00C04F79EFBC}") = "Movies.WEB", "Movies.WEB\Movies.WEB.csproj", "{3B44788D-6E39-4D38-A149-E86EC543826E}"
EndProject
Project("{FAE04EC0-301F-11D3-BF4B-00C04F79EFBC}") = "Movies.DAL", "Movies.DAL\Movies.DAL.csproj", "{1822BA1B-30E4-4369-AF91-E79083E5CE87}"
EndProject
Project("{FAE04EC0-301F-11D3-BF4B-00C04F79EFBC}") = "Movies.BLL", "Movies.BLL\Movies.BLL.csproj", "{F2DF6E6B-F39A-4EED-BA60-E3436FEEFB94}"
EndProject
Global
	GlobalSection(SolutionConfigurationPlatforms) = preSolution
		Debug|Any CPU = Debug|Any CPU
		Release|Any CPU = Release|Any CPU
	EndGlobalSection
	GlobalSection(ProjectConfigurationPlatforms) = postSolution
		{3B44788D-6E39-4D38-A149-E86EC543826E}.Debug|Any CPU.ActiveCfg = Debug|Any CPU
		{3B44788D-6E39-4D38-A149-E86EC543826E}.Debug|Any CPU.Build.0 = Debug|Any CPU
		{3B44788D-6E39-4D38-A149-E86EC543826E}.Release|Any CPU.ActiveCfg = Release|Any CPU
		{3B44788D-6E39-4D38-A149-E86EC543826E}.Release|Any CPU.Build.0 = Release|Any CPU
		{1822BA1B-30E4-4369-AF91-E79083E5CE87}.Debug|Any CPU.ActiveCfg = Debug|Any CPU
		{1822BA1B-30E4-4369-AF91-E79083E5CE87}.Debug|Any CPU.Build.0 = Debug|Any CPU
		{1822BA1B-30E4-4369-AF91-E79083E5CE87}.Release|Any CPU.ActiveCfg = Release|Any CPU
		{1822BA1B-30E4-4369-AF91-E79083E5CE87}.Release|Any CPU.Build.0 = Release|Any CPU
		{F2DF6E6B-F39A-4EED-BA60-E3436FEEFB94}.Debug|Any CPU.ActiveCfg = Debug|Any CPU
		{F2DF6E6B-F39A-4EED-BA60-E3436FEEFB94}.Debug|Any CPU.Build.0 = Debug|Any CPU
		{F2DF6E6B-F39A-4EED-BA60-E3436FEEFB94}.Release|Any CPU.ActiveCfg = Release|Any CPU
		{F2DF6E6B-F39A-4EED-BA60-E3436FEEFB94}.Release|Any CPU.Build.0 = Release|Any CPU
	EndGlobalSection
	GlobalSection(SolutionProperties) = preSolution
		HideSolutionNode = FALSE
	EndGlobalSection
	GlobalSection(ExtensibilityGlobals) = postSolution
		SolutionGuid = {BB660B1D-AE1C-4020-B991-F5F0221EB78F}
	EndGlobalSection
EndGlobal
