
Microsoft Visual Studio Solution File, Format Version 12.00
# Visual Studio Version 16
VisualStudioVersion = 16.0.33214.272
MinimumVisualStudioVersion = 10.0.40219.1
Project("{FAE04EC0-301F-11D3-BF4B-00C04F79EFBC}") = "WpfApp1", "WpfApp1\WpfApp1.csproj", "{D5A191B8-A177-4CA0-B1C9-09F93B34E236}"
EndProject
Global
	GlobalSection(SolutionConfigurationPlatforms) = preSolution
		Debug|Any CPU = Debug|Any CPU
		Release|Any CPU = Release|Any CPU
	EndGlobalSection
	GlobalSection(ProjectConfigurationPlatforms) = postSolution
		{D5A191B8-A177-4CA0-B1C9-09F93B34E236}.Debug|Any CPU.ActiveCfg = Debug|Any CPU
		{D5A191B8-A177-4CA0-B1C9-09F93B34E236}.Debug|Any CPU.Build.0 = Debug|Any CPU
		{D5A191B8-A177-4CA0-B1C9-09F93B34E236}.Release|Any CPU.ActiveCfg = Release|Any CPU
		{D5A191B8-A177-4CA0-B1C9-09F93B34E236}.Release|Any CPU.Build.0 = Release|Any CPU
	EndGlobalSection
	GlobalSection(SolutionProperties) = preSolution
		HideSolutionNode = FALSE
	EndGlobalSection
	GlobalSection(ExtensibilityGlobals) = postSolution
		SolutionGuid = {0C243722-374F-4894-A08E-8417E58FC35B}
	EndGlobalSection
EndGlobal
